
Microsoft Visual Studio Solution File, Format Version 12.00
# Visual Studio Version 17
VisualStudioVersion = 17.1.32210.238
MinimumVisualStudioVersion = 10.0.40219.1
Project("{9A19103F-16F7-4668-BE54-9A1E7A4F7556}") = "VaPe.SourceGenerators.AttributeExtensions", "VaPe.SourceGenerators.AttributeExtensions\VaPe.SourceGenerators.AttributeExtensions.csproj", "{75773FA8-699E-4EFC-8D52-74C8B5AF2B3B}"
EndProject
Project("{2150E333-8FDC-42A3-9474-1A3956D46DE8}") = "SolutionFiles", "SolutionFiles", "{2384E9FF-2C98-469B-B1F9-B8571240EB2F}"
	ProjectSection(SolutionItems) = preProject
		.gitattributes = .gitattributes
		.gitignore = .gitignore
		README.md = README.md
	EndProjectSection
EndProject
Global
	GlobalSection(SolutionConfigurationPlatforms) = preSolution
		Debug|Any CPU = Debug|Any CPU
		Release|Any CPU = Release|Any CPU
	EndGlobalSection
	GlobalSection(ProjectConfigurationPlatforms) = postSolution
		{75773FA8-699E-4EFC-8D52-74C8B5AF2B3B}.Debug|Any CPU.ActiveCfg = Debug|Any CPU
		{75773FA8-699E-4EFC-8D52-74C8B5AF2B3B}.Debug|Any CPU.Build.0 = Debug|Any CPU
		{75773FA8-699E-4EFC-8D52-74C8B5AF2B3B}.Release|Any CPU.ActiveCfg = Release|Any CPU
		{75773FA8-699E-4EFC-8D52-74C8B5AF2B3B}.Release|Any CPU.Build.0 = Release|Any CPU
	EndGlobalSection
	GlobalSection(SolutionProperties) = preSolution
		HideSolutionNode = FALSE
	EndGlobalSection
	GlobalSection(ExtensibilityGlobals) = postSolution
		SolutionGuid = {508F0634-9460-49A2-8D75-8E1CC631308C}
	EndGlobalSection
EndGlobal
